
Microsoft Visual Studio Solution File, Format Version 12.00
# Visual Studio Version 17
VisualStudioVersion = 17.14.36623.8 d17.14
MinimumVisualStudioVersion = 10.0.40219.1
Project("{9A19103F-16F7-4668-BE54-9A1E7A4F7556}") = "PercyTosca.Core", "PercyTosca.Core\PercyTosca.Core.csproj", "{7EFC31FD-9930-4357-9FBF-B7B62727BEF9}"
EndProject
Project("{9A19103F-16F7-4668-BE54-9A1E7A4F7556}") = "PercyTosca.Core.Tests", "PercyTosca.Core.Tests\PercyTosca.Core.Tests.csproj", "{67EF65AC-C278-4B07-A751-A970F6CB0D30}"
EndProject
Global
	GlobalSection(SolutionConfigurationPlatforms) = preSolution
		Debug|Any CPU = Debug|Any CPU
		Release|Any CPU = Release|Any CPU
	EndGlobalSection
	GlobalSection(ProjectConfigurationPlatforms) = postSolution
		{7EFC31FD-9930-4357-9FBF-B7B62727BEF9}.Debug|Any CPU.ActiveCfg = Debug|Any CPU
		{7EFC31FD-9930-4357-9FBF-B7B62727BEF9}.Debug|Any CPU.Build.0 = Debug|Any CPU
		{7EFC31FD-9930-4357-9FBF-B7B62727BEF9}.Release|Any CPU.ActiveCfg = Release|Any CPU
		{7EFC31FD-9930-4357-9FBF-B7B62727BEF9}.Release|Any CPU.Build.0 = Release|Any CPU
		{67EF65AC-C278-4B07-A751-A970F6CB0D30}.Debug|Any CPU.ActiveCfg = Debug|Any CPU
		{67EF65AC-C278-4B07-A751-A970F6CB0D30}.Debug|Any CPU.Build.0 = Debug|Any CPU
		{67EF65AC-C278-4B07-A751-A970F6CB0D30}.Release|Any CPU.ActiveCfg = Release|Any CPU
		{67EF65AC-C278-4B07-A751-A970F6CB0D30}.Release|Any CPU.Build.0 = Release|Any CPU
	EndGlobalSection
	GlobalSection(SolutionProperties) = preSolution
		HideSolutionNode = FALSE
	EndGlobalSection
	GlobalSection(ExtensibilityGlobals) = postSolution
		SolutionGuid = {6F76077A-F574-4B2B-9D4B-808B0D9C1D82}
	EndGlobalSection
EndGlobal
